
Microsoft Visual Studio Solution File, Format Version 12.00
# Visual Studio Version 17
VisualStudioVersion = 17.11.35222.181
MinimumVisualStudioVersion = 10.0.40219.1
Project("{FAE04EC0-301F-11D3-BF4B-00C04F79EFBC}") = "DAL", "DAL\DAL.csproj", "{C906DEDC-D072-4F2C-AB18-26D287D99048}"
EndProject
Project("{FAE04EC0-301F-11D3-BF4B-00C04F79EFBC}") = "BLL", "PLL\BLL.csproj", "{3FA3E7BE-E3F0-4E88-A773-ECB9F09F601A}"
EndProject
Project("{FAE04EC0-301F-11D3-BF4B-00C04F79EFBC}") = "PL", "PL\PL.csproj", "{E0EFB3B6-14D0-4F24-8BBE-C71D75246029}"
EndProject
Global
	GlobalSection(SolutionConfigurationPlatforms) = preSolution
		Debug|Any CPU = Debug|Any CPU
		Release|Any CPU = Release|Any CPU
	EndGlobalSection
	GlobalSection(ProjectConfigurationPlatforms) = postSolution
		{C906DEDC-D072-4F2C-AB18-26D287D99048}.Debug|Any CPU.ActiveCfg = Debug|Any CPU
		{C906DEDC-D072-4F2C-AB18-26D287D99048}.Debug|Any CPU.Build.0 = Debug|Any CPU
		{C906DEDC-D072-4F2C-AB18-26D287D99048}.Release|Any CPU.ActiveCfg = Release|Any CPU
		{C906DEDC-D072-4F2C-AB18-26D287D99048}.Release|Any CPU.Build.0 = Release|Any CPU
		{3FA3E7BE-E3F0-4E88-A773-ECB9F09F601A}.Debug|Any CPU.ActiveCfg = Debug|Any CPU
		{3FA3E7BE-E3F0-4E88-A773-ECB9F09F601A}.Debug|Any CPU.Build.0 = Debug|Any CPU
		{3FA3E7BE-E3F0-4E88-A773-ECB9F09F601A}.Release|Any CPU.ActiveCfg = Release|Any CPU
		{3FA3E7BE-E3F0-4E88-A773-ECB9F09F601A}.Release|Any CPU.Build.0 = Release|Any CPU
		{E0EFB3B6-14D0-4F24-8BBE-C71D75246029}.Debug|Any CPU.ActiveCfg = Debug|Any CPU
		{E0EFB3B6-14D0-4F24-8BBE-C71D75246029}.Debug|Any CPU.Build.0 = Debug|Any CPU
		{E0EFB3B6-14D0-4F24-8BBE-C71D75246029}.Release|Any CPU.ActiveCfg = Release|Any CPU
		{E0EFB3B6-14D0-4F24-8BBE-C71D75246029}.Release|Any CPU.Build.0 = Release|Any CPU
	EndGlobalSection
	GlobalSection(SolutionProperties) = preSolution
		HideSolutionNode = FALSE
	EndGlobalSection
	GlobalSection(ExtensibilityGlobals) = postSolution
		SolutionGuid = {C6295800-4FB1-4537-BA10-11CFF3AC91FA}
	EndGlobalSection
EndGlobal
